
Microsoft Visual Studio Solution File, Format Version 12.00
# Visual Studio Version 16
VisualStudioVersion = 16.0.31025.194
MinimumVisualStudioVersion = 10.0.40219.1
Project("{FAE04EC0-301F-11D3-BF4B-00C04F79EFBC}") = "acessoDados", "acessoDados.csproj", "{B58CDE7D-EC57-4975-8EFA-2CECDDDCBEA6}"
EndProject
Global
	GlobalSection(SolutionConfigurationPlatforms) = preSolution
		Debug|Any CPU = Debug|Any CPU
		Release|Any CPU = Release|Any CPU
	EndGlobalSection
	GlobalSection(ProjectConfigurationPlatforms) = postSolution
		{B58CDE7D-EC57-4975-8EFA-2CECDDDCBEA6}.Debug|Any CPU.ActiveCfg = Debug|Any CPU
		{B58CDE7D-EC57-4975-8EFA-2CECDDDCBEA6}.Debug|Any CPU.Build.0 = Debug|Any CPU
		{B58CDE7D-EC57-4975-8EFA-2CECDDDCBEA6}.Release|Any CPU.ActiveCfg = Release|Any CPU
		{B58CDE7D-EC57-4975-8EFA-2CECDDDCBEA6}.Release|Any CPU.Build.0 = Release|Any CPU
	EndGlobalSection
	GlobalSection(SolutionProperties) = preSolution
		HideSolutionNode = FALSE
	EndGlobalSection
	GlobalSection(ExtensibilityGlobals) = postSolution
		SolutionGuid = {72C85114-A21E-4A7F-8DD4-E025320BB421}
	EndGlobalSection
EndGlobal
